
Microsoft Visual Studio Solution File, Format Version 12.00
# Visual Studio 15
VisualStudioVersion = 15.0.26124.0
MinimumVisualStudioVersion = 15.0.26124.0
Project("{FAE04EC0-301F-11D3-BF4B-00C04F79EFBC}") = "ProAgil.WebApi", "ProAgil.WebApi\ProAgil.WebApi.csproj", "{9BA61DC4-EE26-4E60-AD42-E6BE3B96FEFB}"
EndProject
Project("{FAE04EC0-301F-11D3-BF4B-00C04F79EFBC}") = "ProAgil.Domain", "ProAgil.Domain\ProAgil.Domain.csproj", "{BD2A3EBC-9C95-47BE-B1A2-5DA337178962}"
EndProject
Project("{FAE04EC0-301F-11D3-BF4B-00C04F79EFBC}") = "ProAgil.Repository", "ProAgil.Repository\ProAgil.Repository.csproj", "{B07A615F-789F-4284-9049-F72D1D2C57F4}"
EndProject
Global
	GlobalSection(SolutionConfigurationPlatforms) = preSolution
		Debug|Any CPU = Debug|Any CPU
		Debug|x64 = Debug|x64
		Debug|x86 = Debug|x86
		Release|Any CPU = Release|Any CPU
		Release|x64 = Release|x64
		Release|x86 = Release|x86
	EndGlobalSection
	GlobalSection(SolutionProperties) = preSolution
		HideSolutionNode = FALSE
	EndGlobalSection
	GlobalSection(ProjectConfigurationPlatforms) = postSolution
		{9BA61DC4-EE26-4E60-AD42-E6BE3B96FEFB}.Debug|Any CPU.ActiveCfg = Debug|Any CPU
		{9BA61DC4-EE26-4E60-AD42-E6BE3B96FEFB}.Debug|Any CPU.Build.0 = Debug|Any CPU
		{9BA61DC4-EE26-4E60-AD42-E6BE3B96FEFB}.Debug|x64.ActiveCfg = Debug|Any CPU
		{9BA61DC4-EE26-4E60-AD42-E6BE3B96FEFB}.Debug|x64.Build.0 = Debug|Any CPU
		{9BA61DC4-EE26-4E60-AD42-E6BE3B96FEFB}.Debug|x86.ActiveCfg = Debug|Any CPU
		{9BA61DC4-EE26-4E60-AD42-E6BE3B96FEFB}.Debug|x86.Build.0 = Debug|Any CPU
		{9BA61DC4-EE26-4E60-AD42-E6BE3B96FEFB}.Release|Any CPU.ActiveCfg = Release|Any CPU
		{9BA61DC4-EE26-4E60-AD42-E6BE3B96FEFB}.Release|Any CPU.Build.0 = Release|Any CPU
		{9BA61DC4-EE26-4E60-AD42-E6BE3B96FEFB}.Release|x64.ActiveCfg = Release|Any CPU
		{9BA61DC4-EE26-4E60-AD42-E6BE3B96FEFB}.Release|x64.Build.0 = Release|Any CPU
		{9BA61DC4-EE26-4E60-AD42-E6BE3B96FEFB}.Release|x86.ActiveCfg = Release|Any CPU
		{9BA61DC4-EE26-4E60-AD42-E6BE3B96FEFB}.Release|x86.Build.0 = Release|Any CPU
		{BD2A3EBC-9C95-47BE-B1A2-5DA337178962}.Debug|Any CPU.ActiveCfg = Debug|Any CPU
		{BD2A3EBC-9C95-47BE-B1A2-5DA337178962}.Debug|Any CPU.Build.0 = Debug|Any CPU
		{BD2A3EBC-9C95-47BE-B1A2-5DA337178962}.Debug|x64.ActiveCfg = Debug|Any CPU
		{BD2A3EBC-9C95-47BE-B1A2-5DA337178962}.Debug|x64.Build.0 = Debug|Any CPU
		{BD2A3EBC-9C95-47BE-B1A2-5DA337178962}.Debug|x86.ActiveCfg = Debug|Any CPU
		{BD2A3EBC-9C95-47BE-B1A2-5DA337178962}.Debug|x86.Build.0 = Debug|Any CPU
		{BD2A3EBC-9C95-47BE-B1A2-5DA337178962}.Release|Any CPU.ActiveCfg = Release|Any CPU
		{BD2A3EBC-9C95-47BE-B1A2-5DA337178962}.Release|Any CPU.Build.0 = Release|Any CPU
		{BD2A3EBC-9C95-47BE-B1A2-5DA337178962}.Release|x64.ActiveCfg = Release|Any CPU
		{BD2A3EBC-9C95-47BE-B1A2-5DA337178962}.Release|x64.Build.0 = Release|Any CPU
		{BD2A3EBC-9C95-47BE-B1A2-5DA337178962}.Release|x86.ActiveCfg = Release|Any CPU
		{BD2A3EBC-9C95-47BE-B1A2-5DA337178962}.Release|x86.Build.0 = Release|Any CPU
		{B07A615F-789F-4284-9049-F72D1D2C57F4}.Debug|Any CPU.ActiveCfg = Debug|Any CPU
		{B07A615F-789F-4284-9049-F72D1D2C57F4}.Debug|Any CPU.Build.0 = Debug|Any CPU
		{B07A615F-789F-4284-9049-F72D1D2C57F4}.Debug|x64.ActiveCfg = Debug|Any CPU
		{B07A615F-789F-4284-9049-F72D1D2C57F4}.Debug|x64.Build.0 = Debug|Any CPU
		{B07A615F-789F-4284-9049-F72D1D2C57F4}.Debug|x86.ActiveCfg = Debug|Any CPU
		{B07A615F-789F-4284-9049-F72D1D2C57F4}.Debug|x86.Build.0 = Debug|Any CPU
		{B07A615F-789F-4284-9049-F72D1D2C57F4}.Release|Any CPU.ActiveCfg = Release|Any CPU
		{B07A615F-789F-4284-9049-F72D1D2C57F4}.Release|Any CPU.Build.0 = Release|Any CPU
		{B07A615F-789F-4284-9049-F72D1D2C57F4}.Release|x64.ActiveCfg = Release|Any CPU
		{B07A615F-789F-4284-9049-F72D1D2C57F4}.Release|x64.Build.0 = Release|Any CPU
		{B07A615F-789F-4284-9049-F72D1D2C57F4}.Release|x86.ActiveCfg = Release|Any CPU
		{B07A615F-789F-4284-9049-F72D1D2C57F4}.Release|x86.Build.0 = Release|Any CPU
	EndGlobalSection
EndGlobal
